
Microsoft Visual Studio Solution File, Format Version 12.00
# Visual Studio Version 17
VisualStudioVersion = 17.7.34202.233
MinimumVisualStudioVersion = 10.0.40219.1
Project("{FAE04EC0-301F-11D3-BF4B-00C04F79EFBC}") = "Level18_Challenge", "Level18_Challenge.csproj", "{DAB30FCD-A893-4FE6-837F-1BE2D47E5D59}"
EndProject
Global
	GlobalSection(SolutionConfigurationPlatforms) = preSolution
		Debug|Any CPU = Debug|Any CPU
		Release|Any CPU = Release|Any CPU
	EndGlobalSection
	GlobalSection(ProjectConfigurationPlatforms) = postSolution
		{DAB30FCD-A893-4FE6-837F-1BE2D47E5D59}.Debug|Any CPU.ActiveCfg = Debug|Any CPU
		{DAB30FCD-A893-4FE6-837F-1BE2D47E5D59}.Debug|Any CPU.Build.0 = Debug|Any CPU
		{DAB30FCD-A893-4FE6-837F-1BE2D47E5D59}.Release|Any CPU.ActiveCfg = Release|Any CPU
		{DAB30FCD-A893-4FE6-837F-1BE2D47E5D59}.Release|Any CPU.Build.0 = Release|Any CPU
	EndGlobalSection
	GlobalSection(SolutionProperties) = preSolution
		HideSolutionNode = FALSE
	EndGlobalSection
	GlobalSection(ExtensibilityGlobals) = postSolution
		SolutionGuid = {2EA99183-70DE-490D-ABC6-2AAAF182F1DF}
	EndGlobalSection
EndGlobal
